
Microsoft Visual Studio Solution File, Format Version 12.00
# Visual Studio 15
VisualStudioVersion = 15.0.27130.2024
MinimumVisualStudioVersion = 10.0.40219.1
Project("{FAE04EC0-301F-11D3-BF4B-00C04F79EFBC}") = "CurrentlyPlaying", "CurrentlyPlaying\CurrentlyPlaying.csproj", "{0CB79B48-3165-447E-9186-D167C261F869}"
EndProject
Global
	GlobalSection(SolutionConfigurationPlatforms) = preSolution
		Debug|Any CPU = Debug|Any CPU
		Release|Any CPU = Release|Any CPU
	EndGlobalSection
	GlobalSection(ProjectConfigurationPlatforms) = postSolution
		{0CB79B48-3165-447E-9186-D167C261F869}.Debug|Any CPU.ActiveCfg = Debug|Any CPU
		{0CB79B48-3165-447E-9186-D167C261F869}.Debug|Any CPU.Build.0 = Debug|Any CPU
		{0CB79B48-3165-447E-9186-D167C261F869}.Release|Any CPU.ActiveCfg = Release|Any CPU
		{0CB79B48-3165-447E-9186-D167C261F869}.Release|Any CPU.Build.0 = Release|Any CPU
	EndGlobalSection
	GlobalSection(SolutionProperties) = preSolution
		HideSolutionNode = FALSE
	EndGlobalSection
	GlobalSection(ExtensibilityGlobals) = postSolution
		SolutionGuid = {022B84F8-04F6-43DC-9DD4-11D909BDE56F}
	EndGlobalSection
EndGlobal
